
Microsoft Visual Studio Solution File, Format Version 12.00
# Visual Studio Version 17
VisualStudioVersion = 17.9.34902.65
MinimumVisualStudioVersion = 10.0.40219.1
Project("{FAE04EC0-301F-11D3-BF4B-00C04F79EFBC}") = "CarolineProyect.Server", "CarolineProyect.Server\CarolineProyect.Server.csproj", "{BA02D7CC-3C1A-4756-A2CA-EBB0BACC0A01}"
EndProject
Project("{54A90642-561A-4BB1-A94E-469ADEE60C69}") = "carolineproyect.client", "carolineproyect.client\carolineproyect.client.esproj", "{3DF1A8B1-CE05-45BE-B4B0-177E2B8AE83A}"
EndProject
Global
	GlobalSection(SolutionConfigurationPlatforms) = preSolution
		Debug|Any CPU = Debug|Any CPU
		Release|Any CPU = Release|Any CPU
	EndGlobalSection
	GlobalSection(ProjectConfigurationPlatforms) = postSolution
		{BA02D7CC-3C1A-4756-A2CA-EBB0BACC0A01}.Debug|Any CPU.ActiveCfg = Debug|Any CPU
		{BA02D7CC-3C1A-4756-A2CA-EBB0BACC0A01}.Debug|Any CPU.Build.0 = Debug|Any CPU
		{BA02D7CC-3C1A-4756-A2CA-EBB0BACC0A01}.Release|Any CPU.ActiveCfg = Release|Any CPU
		{BA02D7CC-3C1A-4756-A2CA-EBB0BACC0A01}.Release|Any CPU.Build.0 = Release|Any CPU
		{3DF1A8B1-CE05-45BE-B4B0-177E2B8AE83A}.Debug|Any CPU.ActiveCfg = Debug|Any CPU
		{3DF1A8B1-CE05-45BE-B4B0-177E2B8AE83A}.Debug|Any CPU.Build.0 = Debug|Any CPU
		{3DF1A8B1-CE05-45BE-B4B0-177E2B8AE83A}.Debug|Any CPU.Deploy.0 = Debug|Any CPU
		{3DF1A8B1-CE05-45BE-B4B0-177E2B8AE83A}.Release|Any CPU.ActiveCfg = Release|Any CPU
		{3DF1A8B1-CE05-45BE-B4B0-177E2B8AE83A}.Release|Any CPU.Build.0 = Release|Any CPU
		{3DF1A8B1-CE05-45BE-B4B0-177E2B8AE83A}.Release|Any CPU.Deploy.0 = Release|Any CPU
	EndGlobalSection
	GlobalSection(SolutionProperties) = preSolution
		HideSolutionNode = FALSE
	EndGlobalSection
	GlobalSection(ExtensibilityGlobals) = postSolution
		SolutionGuid = {30285DAB-E20D-4D16-BD28-453FE771E68F}
	EndGlobalSection
EndGlobal
